
Microsoft Visual Studio Solution File, Format Version 12.00
# Visual Studio Version 17
VisualStudioVersion = 17.14.36327.8 d17.14
MinimumVisualStudioVersion = 10.0.40219.1
Project("{FAE04EC0-301F-11D3-BF4B-00C04F79EFBC}") = "WorkerServicesLocal", "WorkerServicesLocal\WorkerServicesLocal.csproj", "{C6DDB7DD-34C7-4835-A172-44F90B800158}"
EndProject
Global
	GlobalSection(SolutionConfigurationPlatforms) = preSolution
		Debug|Any CPU = Debug|Any CPU
		Release|Any CPU = Release|Any CPU
	EndGlobalSection
	GlobalSection(ProjectConfigurationPlatforms) = postSolution
		{C6DDB7DD-34C7-4835-A172-44F90B800158}.Debug|Any CPU.ActiveCfg = Debug|Any CPU
		{C6DDB7DD-34C7-4835-A172-44F90B800158}.Debug|Any CPU.Build.0 = Debug|Any CPU
		{C6DDB7DD-34C7-4835-A172-44F90B800158}.Release|Any CPU.ActiveCfg = Release|Any CPU
		{C6DDB7DD-34C7-4835-A172-44F90B800158}.Release|Any CPU.Build.0 = Release|Any CPU
	EndGlobalSection
	GlobalSection(SolutionProperties) = preSolution
		HideSolutionNode = FALSE
	EndGlobalSection
	GlobalSection(ExtensibilityGlobals) = postSolution
		SolutionGuid = {6B2AFEC0-3ED3-4B1B-B975-950CFF2EC098}
	EndGlobalSection
EndGlobal
